
Microsoft Visual Studio Solution File, Format Version 12.00
# Visual Studio Version 17
VisualStudioVersion = 17.10.35027.167
MinimumVisualStudioVersion = 10.0.40219.1
Project("{FAE04EC0-301F-11D3-BF4B-00C04F79EFBC}") = "PenelopeBOT", "PenelopeBOT.csproj", "{435593DB-24C7-46D5-9E78-9FB530102176}"
EndProject
Global
	GlobalSection(SolutionConfigurationPlatforms) = preSolution
		Debug|Any CPU = Debug|Any CPU
		Release|Any CPU = Release|Any CPU
	EndGlobalSection
	GlobalSection(ProjectConfigurationPlatforms) = postSolution
		{435593DB-24C7-46D5-9E78-9FB530102176}.Debug|Any CPU.ActiveCfg = Debug|Any CPU
		{435593DB-24C7-46D5-9E78-9FB530102176}.Debug|Any CPU.Build.0 = Debug|Any CPU
		{435593DB-24C7-46D5-9E78-9FB530102176}.Release|Any CPU.ActiveCfg = Release|Any CPU
		{435593DB-24C7-46D5-9E78-9FB530102176}.Release|Any CPU.Build.0 = Release|Any CPU
	EndGlobalSection
	GlobalSection(SolutionProperties) = preSolution
		HideSolutionNode = FALSE
	EndGlobalSection
	GlobalSection(ExtensibilityGlobals) = postSolution
		SolutionGuid = {F9A97095-EE0D-4656-B496-9E1A0E2AFD6B}
	EndGlobalSection
EndGlobal
